// !$*UTF8*$!
{
	archiveVersion = 1;
	classes = {
	};
	objectVersion = 55;
	objects = {

/* Begin PBXBuildFile section */
		18793719279AA454001A4C66 /* TriviaGameApp.swift in Sources */ = {isa = PBXBuildFile; fileRef = 18793718279AA454001A4C66 /* TriviaGameApp.swift */; };
		1879371B279AA454001A4C66 /* ContentView.swift in Sources */ = {isa = PBXBuildFile; fileRef = 1879371A279AA454001A4C66 /* ContentView.swift */; };
		1879371D279AA45A001A4C66 /* Assets.xcassets in Resources */ = {isa = PBXBuildFile; fileRef = 1879371C279AA45A001A4C66 /* Assets.xcassets */; };
		18793720279AA45A001A4C66 /* Preview Assets.xcassets in Resources */ = {isa = PBXBuildFile; fileRef = 1879371F279AA45A001A4C66 /* Preview Assets.xcassets */; };
		18793729279AAF19001A4C66 /* PrimaryButton.swift in Sources */ = {isa = PBXBuildFile; fileRef = 18793728279AAF19001A4C66 /* PrimaryButton.swift */; };
		1879372C279AB768001A4C66 /* Extensions.swift in Sources */ = {isa = PBXBuildFile; fileRef = 1879372B279AB768001A4C66 /* Extensions.swift */; };
		1879372E279AB80F001A4C66 /* QuestionView.swift in Sources */ = {isa = PBXBuildFile; fileRef = 1879372D279AB80F001A4C66 /* QuestionView.swift */; };
		18793730279ABA4F001A4C66 /* ProgressBar.swift in Sources */ = {isa = PBXBuildFile; fileRef = 1879372F279ABA4F001A4C66 /* ProgressBar.swift */; };
		18793733279ABFD0001A4C66 /* Answer.swift in Sources */ = {isa = PBXBuildFile; fileRef = 18793732279ABFD0001A4C66 /* Answer.swift */; };
		18793735279B0783001A4C66 /* AnswerRow.swift in Sources */ = {isa = PBXBuildFile; fileRef = 18793734279B0783001A4C66 /* AnswerRow.swift */; };
		18793737279B12DC001A4C66 /* TriviaView.swift in Sources */ = {isa = PBXBuildFile; fileRef = 18793736279B12DC001A4C66 /* TriviaView.swift */; };
		18793739279B1B6A001A4C66 /* Trivia.swift in Sources */ = {isa = PBXBuildFile; fileRef = 18793738279B1B6A001A4C66 /* Trivia.swift */; };
		1879373B279B1F3F001A4C66 /* TriviaManager.swift in Sources */ = {isa = PBXBuildFile; fileRef = 1879373A279B1F3F001A4C66 /* TriviaManager.swift */; };
		18B4BF0A279BDDA600A90A98 /* CategoryView.swift in Sources */ = {isa = PBXBuildFile; fileRef = 18B4BF09279BDDA600A90A98 /* CategoryView.swift */; };
		18B4BF0C279C16D000A90A98 /* DifficultyView.swift in Sources */ = {isa = PBXBuildFile; fileRef = 18B4BF0B279C16D000A90A98 /* DifficultyView.swift */; };
		18B4BF0E279C189000A90A98 /* Category.swift in Sources */ = {isa = PBXBuildFile; fileRef = 18B4BF0D279C189000A90A98 /* Category.swift */; };
		18B4BF10279C18AE00A90A98 /* Difficulty.swift in Sources */ = {isa = PBXBuildFile; fileRef = 18B4BF0F279C18AE00A90A98 /* Difficulty.swift */; };
		18B4BF12279C283200A90A98 /* CategoryManager.swift in Sources */ = {isa = PBXBuildFile; fileRef = 18B4BF11279C283200A90A98 /* CategoryManager.swift */; };
		18B4BF16279C3C2A00A90A98 /* CategoryRow.swift in Sources */ = {isa = PBXBuildFile; fileRef = 18B4BF15279C3C2A00A90A98 /* CategoryRow.swift */; };
		18B4BF18279C66C400A90A98 /* DifficultyRow.swift in Sources */ = {isa = PBXBuildFile; fileRef = 18B4BF17279C66C400A90A98 /* DifficultyRow.swift */; };
		18B4BF1A279C671A00A90A98 /* DifficultyManager.swift in Sources */ = {isa = PBXBuildFile; fileRef = 18B4BF19279C671A00A90A98 /* DifficultyManager.swift */; };
		18B4BF1C279C6AF700A90A98 /* StartQuizView.swift in Sources */ = {isa = PBXBuildFile; fileRef = 18B4BF1B279C6AF700A90A98 /* StartQuizView.swift */; };
/* End PBXBuildFile section */

/* Begin PBXFileReference section */
		18793715279AA454001A4C66 /* TriviaGame.app */ = {isa = PBXFileReference; explicitFileType = wrapper.application; includeInIndex = 0; path = TriviaGame.app; sourceTree = BUILT_PRODUCTS_DIR; };
		18793718279AA454001A4C66 /* TriviaGameApp.swift */ = {isa = PBXFileReference; lastKnownFileType = sourcecode.swift; path = TriviaGameApp.swift; sourceTree = "<group>"; };
		1879371A279AA454001A4C66 /* ContentView.swift */ = {isa = PBXFileReference; lastKnownFileType = sourcecode.swift; path = ContentView.swift; sourceTree = "<group>"; };
		1879371C279AA45A001A4C66 /* Assets.xcassets */ = {isa = PBXFileReference; lastKnownFileType = folder.assetcatalog; path = Assets.xcassets; sourceTree = "<group>"; };
		1879371F279AA45A001A4C66 /* Preview Assets.xcassets */ = {isa = PBXFileReference; lastKnownFileType = folder.assetcatalog; path = "Preview Assets.xcassets"; sourceTree = "<group>"; };
		18793728279AAF19001A4C66 /* PrimaryButton.swift */ = {isa = PBXFileReference; lastKnownFileType = sourcecode.swift; path = PrimaryButton.swift; sourceTree = "<group>"; };
		1879372B279AB768001A4C66 /* Extensions.swift */ = {isa = PBXFileReference; lastKnownFileType = sourcecode.swift; path = Extensions.swift; sourceTree = "<group>"; };
		1879372D279AB80F001A4C66 /* QuestionView.swift */ = {isa = PBXFileReference; lastKnownFileType = sourcecode.swift; path = QuestionView.swift; sourceTree = "<group>"; };
		1879372F279ABA4F001A4C66 /* ProgressBar.swift */ = {isa = PBXFileReference; lastKnownFileType = sourcecode.swift; path = ProgressBar.swift; sourceTree = "<group>"; };
		18793732279ABFD0001A4C66 /* Answer.swift */ = {isa = PBXFileReference; lastKnownFileType = sourcecode.swift; path = Answer.swift; sourceTree = "<group>"; };
		18793734279B0783001A4C66 /* AnswerRow.swift */ = {isa = PBXFileReference; lastKnownFileType = sourcecode.swift; path = AnswerRow.swift; sourceTree = "<group>"; };
		18793736279B12DC001A4C66 /* TriviaView.swift */ = {isa = PBXFileReference; lastKnownFileType = sourcecode.swift; path = TriviaView.swift; sourceTree = "<group>"; };
		18793738279B1B6A001A4C66 /* Trivia.swift */ = {isa = PBXFileReference; lastKnownFileType = sourcecode.swift; path = Trivia.swift; sourceTree = "<group>"; };
		1879373A279B1F3F001A4C66 /* TriviaManager.swift */ = {isa = PBXFileReference; lastKnownFileType = sourcecode.swift; path = TriviaManager.swift; sourceTree = "<group>"; };
		18B4BF09279BDDA600A90A98 /* CategoryView.swift */ = {isa = PBXFileReference; lastKnownFileType = sourcecode.swift; path = CategoryView.swift; sourceTree = "<group>"; };
		18B4BF0B279C16D000A90A98 /* DifficultyView.swift */ = {isa = PBXFileReference; lastKnownFileType = sourcecode.swift; path = DifficultyView.swift; sourceTree = "<group>"; };
		18B4BF0D279C189000A90A98 /* Category.swift */ = {isa = PBXFileReference; lastKnownFileType = sourcecode.swift; path = Category.swift; sourceTree = "<group>"; };
		18B4BF0F279C18AE00A90A98 /* Difficulty.swift */ = {isa = PBXFileReference; lastKnownFileType = sourcecode.swift; path = Difficulty.swift; sourceTree = "<group>"; };
		18B4BF11279C283200A90A98 /* CategoryManager.swift */ = {isa = PBXFileReference; lastKnownFileType = sourcecode.swift; path = CategoryManager.swift; sourceTree = "<group>"; };
		18B4BF15279C3C2A00A90A98 /* CategoryRow.swift */ = {isa = PBXFileReference; lastKnownFileType = sourcecode.swift; path = CategoryRow.swift; sourceTree = "<group>"; };
		18B4BF17279C66C400A90A98 /* DifficultyRow.swift */ = {isa = PBXFileReference; lastKnownFileType = sourcecode.swift; path = DifficultyRow.swift; sourceTree = "<group>"; };
		18B4BF19279C671A00A90A98 /* DifficultyManager.swift */ = {isa = PBXFileReference; lastKnownFileType = sourcecode.swift; path = DifficultyManager.swift; sourceTree = "<group>"; };
		18B4BF1B279C6AF700A90A98 /* StartQuizView.swift */ = {isa = PBXFileReference; lastKnownFileType = sourcecode.swift; path = StartQuizView.swift; sourceTree = "<group>"; };
/* End PBXFileReference section */

/* Begin PBXFrameworksBuildPhase section */
		18793712279AA454001A4C66 /* Frameworks */ = {
			isa = PBXFrameworksBuildPhase;
			buildActionMask = 2147483647;
			files = (
			);
			runOnlyForDeploymentPostprocessing = 0;
		};
/* End PBXFrameworksBuildPhase section */

/* Begin PBXGroup section */
		1879370C279AA453001A4C66 = {
			isa = PBXGroup;
			children = (
				18793717279AA454001A4C66 /* TriviaGame */,
				18793716279AA454001A4C66 /* Products */,
			);
			sourceTree = "<group>";
		};
		18793716279AA454001A4C66 /* Products */ = {
			isa = PBXGroup;
			children = (
				18793715279AA454001A4C66 /* TriviaGame.app */,
			);
			name = Products;
			sourceTree = "<group>";
		};
		18793717279AA454001A4C66 /* TriviaGame */ = {
			isa = PBXGroup;
			children = (
				18793718279AA454001A4C66 /* TriviaGameApp.swift */,
				1879372A279AAFFA001A4C66 /* Views */,
				18793727279AAEFA001A4C66 /* Components */,
				18793731279ABFB8001A4C66 /* Models */,
				1879371C279AA45A001A4C66 /* Assets.xcassets */,
				1879371E279AA45A001A4C66 /* Preview Content */,
				1879372B279AB768001A4C66 /* Extensions.swift */,
				1879373A279B1F3F001A4C66 /* TriviaManager.swift */,
				18B4BF11279C283200A90A98 /* CategoryManager.swift */,
				18B4BF19279C671A00A90A98 /* DifficultyManager.swift */,
			);
			path = TriviaGame;
			sourceTree = "<group>";
		};
		1879371E279AA45A001A4C66 /* Preview Content */ = {
			isa = PBXGroup;
			children = (
				1879371F279AA45A001A4C66 /* Preview Assets.xcassets */,
			);
			path = "Preview Content";
			sourceTree = "<group>";
		};
		18793727279AAEFA001A4C66 /* Components */ = {
			isa = PBXGroup;
			children = (
				18793728279AAF19001A4C66 /* PrimaryButton.swift */,
				1879372F279ABA4F001A4C66 /* ProgressBar.swift */,
				18793734279B0783001A4C66 /* AnswerRow.swift */,
				18B4BF15279C3C2A00A90A98 /* CategoryRow.swift */,
				18B4BF17279C66C400A90A98 /* DifficultyRow.swift */,
			);
			path = Components;
			sourceTree = "<group>";
		};
		1879372A279AAFFA001A4C66 /* Views */ = {
			isa = PBXGroup;
			children = (
				1879371A279AA454001A4C66 /* ContentView.swift */,
				1879372D279AB80F001A4C66 /* QuestionView.swift */,
				18793736279B12DC001A4C66 /* TriviaView.swift */,
				18B4BF09279BDDA600A90A98 /* CategoryView.swift */,
				18B4BF0B279C16D000A90A98 /* DifficultyView.swift */,
				18B4BF1B279C6AF700A90A98 /* StartQuizView.swift */,
			);
			path = Views;
			sourceTree = "<group>";
		};
		18793731279ABFB8001A4C66 /* Models */ = {
			isa = PBXGroup;
			children = (
				18793732279ABFD0001A4C66 /* Answer.swift */,
				18793738279B1B6A001A4C66 /* Trivia.swift */,
				18B4BF0D279C189000A90A98 /* Category.swift */,
				18B4BF0F279C18AE00A90A98 /* Difficulty.swift */,
			);
			path = Models;
			sourceTree = "<group>";
		};
/* End PBXGroup section */

/* Begin PBXNativeTarget section */
		18793714279AA454001A4C66 /* TriviaGame */ = {
			isa = PBXNativeTarget;
			buildConfigurationList = 18793723279AA45A001A4C66 /* Build configuration list for PBXNativeTarget "TriviaGame" */;
			buildPhases = (
				18793711279AA454001A4C66 /* Sources */,
				18793712279AA454001A4C66 /* Frameworks */,
				18793713279AA454001A4C66 /* Resources */,
			);
			buildRules = (
			);
			dependencies = (
			);
			name = TriviaGame;
			productName = TriviaGame;
			productReference = 18793715279AA454001A4C66 /* TriviaGame.app */;
			productType = "com.apple.product-type.application";
		};
/* End PBXNativeTarget section */

/* Begin PBXProject section */
		1879370D279AA453001A4C66 /* Project object */ = {
			isa = PBXProject;
			attributes = {
				BuildIndependentTargetsInParallel = 1;
				LastSwiftUpdateCheck = 1300;
				LastUpgradeCheck = 1300;
				TargetAttributes = {
					18793714279AA454001A4C66 = {
						CreatedOnToolsVersion = 13.0;
					};
				};
			};
			buildConfigurationList = 18793710279AA453001A4C66 /* Build configuration list for PBXProject "TriviaGame" */;
			compatibilityVersion = "Xcode 13.0";
			developmentRegion = en;
			hasScannedForEncodings = 0;
			knownRegions = (
				en,
				Base,
			);
			mainGroup = 1879370C279AA453001A4C66;
			productRefGroup = 18793716279AA454001A4C66 /* Products */;
			projectDirPath = "";
			projectRoot = "";
			targets = (
				18793714279AA454001A4C66 /* TriviaGame */,
			);
		};
/* End PBXProject section */

/* Begin PBXResourcesBuildPhase section */
		18793713279AA454001A4C66 /* Resources */ = {
			isa = PBXResourcesBuildPhase;
			buildActionMask = 2147483647;
			files = (
				18793720279AA45A001A4C66 /* Preview Assets.xcassets in Resources */,
				1879371D279AA45A001A4C66 /* Assets.xcassets in Resources */,
			);
			runOnlyForDeploymentPostprocessing = 0;
		};
/* End PBXResourcesBuildPhase section */

/* Begin PBXSourcesBuildPhase section */
		18793711279AA454001A4C66 /* Sources */ = {
			isa = PBXSourcesBuildPhase;
			buildActionMask = 2147483647;
			files = (
				1879372E279AB80F001A4C66 /* QuestionView.swift in Sources */,
				18B4BF18279C66C400A90A98 /* DifficultyRow.swift in Sources */,
				18793737279B12DC001A4C66 /* TriviaView.swift in Sources */,
				18B4BF10279C18AE00A90A98 /* Difficulty.swift in Sources */,
				18B4BF0A279BDDA600A90A98 /* CategoryView.swift in Sources */,
				18793739279B1B6A001A4C66 /* Trivia.swift in Sources */,
				18793729279AAF19001A4C66 /* PrimaryButton.swift in Sources */,
				1879373B279B1F3F001A4C66 /* TriviaManager.swift in Sources */,
				18B4BF1A279C671A00A90A98 /* DifficultyManager.swift in Sources */,
				18793735279B0783001A4C66 /* AnswerRow.swift in Sources */,
				18B4BF16279C3C2A00A90A98 /* CategoryRow.swift in Sources */,
				1879371B279AA454001A4C66 /* ContentView.swift in Sources */,
				18B4BF12279C283200A90A98 /* CategoryManager.swift in Sources */,
				18793733279ABFD0001A4C66 /* Answer.swift in Sources */,
				18793719279AA454001A4C66 /* TriviaGameApp.swift in Sources */,
				18B4BF0C279C16D000A90A98 /* DifficultyView.swift in Sources */,
				18B4BF1C279C6AF700A90A98 /* StartQuizView.swift in Sources */,
				18793730279ABA4F001A4C66 /* ProgressBar.swift in Sources */,
				1879372C279AB768001A4C66 /* Extensions.swift in Sources */,
				18B4BF0E279C189000A90A98 /* Category.swift in Sources */,
			);
			runOnlyForDeploymentPostprocessing = 0;
		};
/* End PBXSourcesBuildPhase section */

/* Begin XCBuildConfiguration section */
		18793721279AA45A001A4C66 /* Debug */ = {
			isa = XCBuildConfiguration;
			buildSettings = {
				ALWAYS_SEARCH_USER_PATHS = NO;
				CLANG_ANALYZER_NONNULL = YES;
				CLANG_ANALYZER_NUMBER_OBJECT_CONVERSION = YES_AGGRESSIVE;
				CLANG_CXX_LANGUAGE_STANDARD = "gnu++17";
				CLANG_CXX_LIBRARY = "libc++";
				CLANG_ENABLE_MODULES = YES;
				CLANG_ENABLE_OBJC_ARC = YES;
				CLANG_ENABLE_OBJC_WEAK = YES;
				CLANG_WARN_BLOCK_CAPTURE_AUTORELEASING = YES;
				CLANG_WARN_BOOL_CONVERSION = YES;
				CLANG_WARN_COMMA = YES;
				CLANG_WARN_CONSTANT_CONVERSION = YES;
				CLANG_WARN_DEPRECATED_OBJC_IMPLEMENTATIONS = YES;
				CLANG_WARN_DIRECT_OBJC_ISA_USAGE = YES_ERROR;
				CLANG_WARN_DOCUMENTATION_COMMENTS = YES;
				CLANG_WARN_EMPTY_BODY = YES;
				CLANG_WARN_ENUM_CONVERSION = YES;
				CLANG_WARN_INFINITE_RECURSION = YES;
				CLANG_WARN_INT_CONVERSION = YES;
				CLANG_WARN_NON_LITERAL_NULL_CONVERSION = YES;
				CLANG_WARN_OBJC_IMPLICIT_RETAIN_SELF = YES;
				CLANG_WARN_OBJC_LITERAL_CONVERSION = YES;
				CLANG_WARN_OBJC_ROOT_CLASS = YES_ERROR;
				CLANG_WARN_QUOTED_INCLUDE_IN_FRAMEWORK_HEADER = YES;
				CLANG_WARN_RANGE_LOOP_ANALYSIS = YES;
				CLANG_WARN_STRICT_PROTOTYPES = YES;
				CLANG_WARN_SUSPICIOUS_MOVE = YES;
				CLANG_WARN_UNGUARDED_AVAILABILITY = YES_AGGRESSIVE;
				CLANG_WARN_UNREACHABLE_CODE = YES;
				CLANG_WARN__DUPLICATE_METHOD_MATCH = YES;
				COPY_PHASE_STRIP = NO;
				DEBUG_INFORMATION_FORMAT = dwarf;
				ENABLE_STRICT_OBJC_MSGSEND = YES;
				ENABLE_TESTABILITY = YES;
				GCC_C_LANGUAGE_STANDARD = gnu11;
				GCC_DYNAMIC_NO_PIC = NO;
				GCC_NO_COMMON_BLOCKS = YES;
				GCC_OPTIMIZATION_LEVEL = 0;
				GCC_PREPROCESSOR_DEFINITIONS = (
					"DEBUG=1",
					"$(inherited)",
				);
				GCC_WARN_64_TO_32_BIT_CONVERSION = YES;
				GCC_WARN_ABOUT_RETURN_TYPE = YES_ERROR;
				GCC_WARN_UNDECLARED_SELECTOR = YES;
				GCC_WARN_UNINITIALIZED_AUTOS = YES_AGGRESSIVE;
				GCC_WARN_UNUSED_FUNCTION = YES;
				GCC_WARN_UNUSED_VARIABLE = YES;
				IPHONEOS_DEPLOYMENT_TARGET = 15.0;
				MTL_ENABLE_DEBUG_INFO = INCLUDE_SOURCE;
				MTL_FAST_MATH = YES;
				ONLY_ACTIVE_ARCH = YES;
				SDKROOT = iphoneos;
				SWIFT_ACTIVE_COMPILATION_CONDITIONS = DEBUG;
				SWIFT_OPTIMIZATION_LEVEL = "-Onone";
			};
			name = Debug;
		};
		18793722279AA45A001A4C66 /* Release */ = {
			isa = XCBuildConfiguration;
			buildSettings = {
				ALWAYS_SEARCH_USER_PATHS = NO;
				CLANG_ANALYZER_NONNULL = YES;
				CLANG_ANALYZER_NUMBER_OBJECT_CONVERSION = YES_AGGRESSIVE;
				CLANG_CXX_LANGUAGE_STANDARD = "gnu++17";
				CLANG_CXX_LIBRARY = "libc++";
				CLANG_ENABLE_MODULES = YES;
				CLANG_ENABLE_OBJC_ARC = YES;
				CLANG_ENABLE_OBJC_WEAK = YES;
				CLANG_WARN_BLOCK_CAPTURE_AUTORELEASING = YES;
				CLANG_WARN_BOOL_CONVERSION = YES;
				CLANG_WARN_COMMA = YES;
				CLANG_WARN_CONSTANT_CONVERSION = YES;
				CLANG_WARN_DEPRECATED_OBJC_IMPLEMENTATIONS = YES;
				CLANG_WARN_DIRECT_OBJC_ISA_USAGE = YES_ERROR;
				CLANG_WARN_DOCUMENTATION_COMMENTS = YES;
				CLANG_WARN_EMPTY_BODY = YES;
				CLANG_WARN_ENUM_CONVERSION = YES;
				CLANG_WARN_INFINITE_RECURSION = YES;
				CLANG_WARN_INT_CONVERSION = YES;
				CLANG_WARN_NON_LITERAL_NULL_CONVERSION = YES;
				CLANG_WARN_OBJC_IMPLICIT_RETAIN_SELF = YES;
				CLANG_WARN_OBJC_LITERAL_CONVERSION = YES;
				CLANG_WARN_OBJC_ROOT_CLASS = YES_ERROR;
				CLANG_WARN_QUOTED_INCLUDE_IN_FRAMEWORK_HEADER = YES;
				CLANG_WARN_RANGE_LOOP_ANALYSIS = YES;
				CLANG_WARN_STRICT_PROTOTYPES = YES;
				CLANG_WARN_SUSPICIOUS_MOVE = YES;
				CLANG_WARN_UNGUARDED_AVAILABILITY = YES_AGGRESSIVE;
				CLANG_WARN_UNREACHABLE_CODE = YES;
				CLANG_WARN__DUPLICATE_METHOD_MATCH = YES;
				COPY_PHASE_STRIP = NO;
				DEBUG_INFORMATION_FORMAT = "dwarf-with-dsym";
				ENABLE_NS_ASSERTIONS = NO;
				ENABLE_STRICT_OBJC_MSGSEND = YES;
				GCC_C_LANGUAGE_STANDARD = gnu11;
				GCC_NO_COMMON_BLOCKS = YES;
				GCC_WARN_64_TO_32_BIT_CONVERSION = YES;
				GCC_WARN_ABOUT_RETURN_TYPE = YES_ERROR;
				GCC_WARN_UNDECLARED_SELECTOR = YES;
				GCC_WARN_UNINITIALIZED_AUTOS = YES_AGGRESSIVE;
				GCC_WARN_UNUSED_FUNCTION = YES;
				GCC_WARN_UNUSED_VARIABLE = YES;
				IPHONEOS_DEPLOYMENT_TARGET = 15.0;
				MTL_ENABLE_DEBUG_INFO = NO;
				MTL_FAST_MATH = YES;
				SDKROOT = iphoneos;
				SWIFT_COMPILATION_MODE = wholemodule;
				SWIFT_OPTIMIZATION_LEVEL = "-O";
				VALIDATE_PRODUCT = YES;
			};
			name = Release;
		};
		18793724279AA45A001A4C66 /* Debug */ = {
			isa = XCBuildConfiguration;
			buildSettings = {
				ASSETCATALOG_COMPILER_APPICON_NAME = AppIcon;
				ASSETCATALOG_COMPILER_GLOBAL_ACCENT_COLOR_NAME = AccentColor;
				CODE_SIGN_STYLE = Automatic;
				CURRENT_PROJECT_VERSION = 1;
				DEVELOPMENT_ASSET_PATHS = "\"TriviaGame/Preview Content\"";
				DEVELOPMENT_TEAM = 885KZNK7L7;
				ENABLE_PREVIEWS = YES;
				GENERATE_INFOPLIST_FILE = YES;
				INFOPLIST_KEY_UIApplicationSceneManifest_Generation = YES;
				INFOPLIST_KEY_UIApplicationSupportsIndirectInputEvents = YES;
				INFOPLIST_KEY_UILaunchScreen_Generation = YES;
				INFOPLIST_KEY_UISupportedInterfaceOrientations_iPad = "UIInterfaceOrientationPortrait UIInterfaceOrientationPortraitUpsideDown UIInterfaceOrientationLandscapeLeft UIInterfaceOrientationLandscapeRight";
				INFOPLIST_KEY_UISupportedInterfaceOrientations_iPhone = "UIInterfaceOrientationPortrait UIInterfaceOrientationLandscapeLeft UIInterfaceOrientationLandscapeRight";
				IPHONEOS_DEPLOYMENT_TARGET = 15.0;
				LD_RUNPATH_SEARCH_PATHS = (
					"$(inherited)",
					"@executable_path/Frameworks",
				);
				MARKETING_VERSION = 1.0;
				PRODUCT_BUNDLE_IDENTIFIER = Jasleen.TriviaGame;
				PRODUCT_NAME = "$(TARGET_NAME)";
				SWIFT_EMIT_LOC_STRINGS = YES;
				SWIFT_VERSION = 5.0;
				TARGETED_DEVICE_FAMILY = "1,2";
			};
			name = Debug;
		};
		18793725279AA45A001A4C66 /* Release */ = {
			isa = XCBuildConfiguration;
			buildSettings = {
				ASSETCATALOG_COMPILER_APPICON_NAME = AppIcon;
				ASSETCATALOG_COMPILER_GLOBAL_ACCENT_COLOR_NAME = AccentColor;
				CODE_SIGN_STYLE = Automatic;
				CURRENT_PROJECT_VERSION = 1;
				DEVELOPMENT_ASSET_PATHS = "\"TriviaGame/Preview Content\"";
				DEVELOPMENT_TEAM = 885KZNK7L7;
				ENABLE_PREVIEWS = YES;
				GENERATE_INFOPLIST_FILE = YES;
				INFOPLIST_KEY_UIApplicationSceneManifest_Generation = YES;
				INFOPLIST_KEY_UIApplicationSupportsIndirectInputEvents = YES;
				INFOPLIST_KEY_UILaunchScreen_Generation = YES;
				INFOPLIST_KEY_UISupportedInterfaceOrientations_iPad = "UIInterfaceOrientationPortrait UIInterfaceOrientationPortraitUpsideDown UIInterfaceOrientationLandscapeLeft UIInterfaceOrientationLandscapeRight";
				INFOPLIST_KEY_UISupportedInterfaceOrientations_iPhone = "UIInterfaceOrientationPortrait UIInterfaceOrientationLandscapeLeft UIInterfaceOrientationLandscapeRight";
				IPHONEOS_DEPLOYMENT_TARGET = 15.0;
				LD_RUNPATH_SEARCH_PATHS = (
					"$(inherited)",
					"@executable_path/Frameworks",
				);
				MARKETING_VERSION = 1.0;
				PRODUCT_BUNDLE_IDENTIFIER = Jasleen.TriviaGame;
				PRODUCT_NAME = "$(TARGET_NAME)";
				SWIFT_EMIT_LOC_STRINGS = YES;
				SWIFT_VERSION = 5.0;
				TARGETED_DEVICE_FAMILY = "1,2";
			};
			name = Release;
		};
/* End XCBuildConfiguration section */

/* Begin XCConfigurationList section */
		18793710279AA453001A4C66 /* Build configuration list for PBXProject "TriviaGame" */ = {
			isa = XCConfigurationList;
			buildConfigurations = (
				18793721279AA45A001A4C66 /* Debug */,
				18793722279AA45A001A4C66 /* Release */,
			);
			defaultConfigurationIsVisible = 0;
			defaultConfigurationName = Release;
		};
		18793723279AA45A001A4C66 /* Build configuration list for PBXNativeTarget "TriviaGame" */ = {
			isa = XCConfigurationList;
			buildConfigurations = (
				18793724279AA45A001A4C66 /* Debug */,
				18793725279AA45A001A4C66 /* Release */,
			);
			defaultConfigurationIsVisible = 0;
			defaultConfigurationName = Release;
		};
/* End XCConfigurationList section */
	};
	rootObject = 1879370D279AA453001A4C66 /* Project object */;
}
